
Microsoft Visual Studio Solution File, Format Version 12.00
# Visual Studio 15
VisualStudioVersion = 15.0.28010.0
MinimumVisualStudioVersion = 10.0.40219.1
Project("{FAE04EC0-301F-11D3-BF4B-00C04F79EFBC}") = "ConvertInt", "ConvertInt\ConvertInt.csproj", "{1F22E766-E6CD-4A15-8B72-CDAAC3D92EDC}"
EndProject
Project("{FAE04EC0-301F-11D3-BF4B-00C04F79EFBC}") = "IntegerConversionService", "IntegerConverstion\IntegerConversionService.csproj", "{0FC1CC7C-4360-492C-A8B2-E55CC50C9638}"
EndProject
Project("{FAE04EC0-301F-11D3-BF4B-00C04F79EFBC}") = "IntegerConversionService.Test", "IntegerConversionService.Test\IntegerConversionService.Test.csproj", "{EB61DB66-38C3-4BC7-B7D7-34F8E821C447}"
EndProject
Global
	GlobalSection(SolutionConfigurationPlatforms) = preSolution
		Debug|Any CPU = Debug|Any CPU
		Release|Any CPU = Release|Any CPU
	EndGlobalSection
	GlobalSection(ProjectConfigurationPlatforms) = postSolution
		{1F22E766-E6CD-4A15-8B72-CDAAC3D92EDC}.Debug|Any CPU.ActiveCfg = Debug|Any CPU
		{1F22E766-E6CD-4A15-8B72-CDAAC3D92EDC}.Debug|Any CPU.Build.0 = Debug|Any CPU
		{1F22E766-E6CD-4A15-8B72-CDAAC3D92EDC}.Release|Any CPU.ActiveCfg = Release|Any CPU
		{1F22E766-E6CD-4A15-8B72-CDAAC3D92EDC}.Release|Any CPU.Build.0 = Release|Any CPU
		{0FC1CC7C-4360-492C-A8B2-E55CC50C9638}.Debug|Any CPU.ActiveCfg = Debug|Any CPU
		{0FC1CC7C-4360-492C-A8B2-E55CC50C9638}.Debug|Any CPU.Build.0 = Debug|Any CPU
		{0FC1CC7C-4360-492C-A8B2-E55CC50C9638}.Release|Any CPU.ActiveCfg = Release|Any CPU
		{0FC1CC7C-4360-492C-A8B2-E55CC50C9638}.Release|Any CPU.Build.0 = Release|Any CPU
		{EB61DB66-38C3-4BC7-B7D7-34F8E821C447}.Debug|Any CPU.ActiveCfg = Debug|Any CPU
		{EB61DB66-38C3-4BC7-B7D7-34F8E821C447}.Debug|Any CPU.Build.0 = Debug|Any CPU
		{EB61DB66-38C3-4BC7-B7D7-34F8E821C447}.Release|Any CPU.ActiveCfg = Release|Any CPU
		{EB61DB66-38C3-4BC7-B7D7-34F8E821C447}.Release|Any CPU.Build.0 = Release|Any CPU
	EndGlobalSection
	GlobalSection(SolutionProperties) = preSolution
		HideSolutionNode = FALSE
	EndGlobalSection
	GlobalSection(ExtensibilityGlobals) = postSolution
		SolutionGuid = {E588FB42-C5CD-4D3A-AEBF-34D3EF7F6DF0}
	EndGlobalSection
EndGlobal
